
Microsoft Visual Studio Solution File, Format Version 12.00
# Visual Studio Version 17
VisualStudioVersion = 17.9.34616.47
MinimumVisualStudioVersion = 10.0.40219.1
Project("{FAE04EC0-301F-11D3-BF4B-00C04F79EFBC}") = "WebApplication4", "WebApplication4\WebApplication4.csproj", "{BC1A15B7-3DEA-4256-8F29-C153F9FBBB68}"
EndProject
Global
	GlobalSection(SolutionConfigurationPlatforms) = preSolution
		Debug|Any CPU = Debug|Any CPU
		Release|Any CPU = Release|Any CPU
	EndGlobalSection
	GlobalSection(ProjectConfigurationPlatforms) = postSolution
		{BC1A15B7-3DEA-4256-8F29-C153F9FBBB68}.Debug|Any CPU.ActiveCfg = Debug|Any CPU
		{BC1A15B7-3DEA-4256-8F29-C153F9FBBB68}.Debug|Any CPU.Build.0 = Debug|Any CPU
		{BC1A15B7-3DEA-4256-8F29-C153F9FBBB68}.Release|Any CPU.ActiveCfg = Release|Any CPU
		{BC1A15B7-3DEA-4256-8F29-C153F9FBBB68}.Release|Any CPU.Build.0 = Release|Any CPU
	EndGlobalSection
	GlobalSection(SolutionProperties) = preSolution
		HideSolutionNode = FALSE
	EndGlobalSection
	GlobalSection(ExtensibilityGlobals) = postSolution
		SolutionGuid = {3406D61E-925F-4B88-A53B-E4AD734D4A39}
	EndGlobalSection
EndGlobal
